
Microsoft Visual Studio Solution File, Format Version 12.00
# Visual Studio Version 17
VisualStudioVersion = 17.9.34723.18
MinimumVisualStudioVersion = 10.0.40219.1
Project("{FAE04EC0-301F-11D3-BF4B-00C04F79EFBC}") = "Week14OOP", "Week14OOP\Week14OOP.csproj", "{519B3BAB-CECC-4BDD-B426-864305FECFD6}"
EndProject
Global
	GlobalSection(SolutionConfigurationPlatforms) = preSolution
		Debug|Any CPU = Debug|Any CPU
		Release|Any CPU = Release|Any CPU
	EndGlobalSection
	GlobalSection(ProjectConfigurationPlatforms) = postSolution
		{519B3BAB-CECC-4BDD-B426-864305FECFD6}.Debug|Any CPU.ActiveCfg = Debug|Any CPU
		{519B3BAB-CECC-4BDD-B426-864305FECFD6}.Debug|Any CPU.Build.0 = Debug|Any CPU
		{519B3BAB-CECC-4BDD-B426-864305FECFD6}.Release|Any CPU.ActiveCfg = Release|Any CPU
		{519B3BAB-CECC-4BDD-B426-864305FECFD6}.Release|Any CPU.Build.0 = Release|Any CPU
	EndGlobalSection
	GlobalSection(SolutionProperties) = preSolution
		HideSolutionNode = FALSE
	EndGlobalSection
	GlobalSection(ExtensibilityGlobals) = postSolution
		SolutionGuid = {0E843DF1-F073-48DD-90FE-D2160D6E9C96}
	EndGlobalSection
EndGlobal
